
Microsoft Visual Studio Solution File, Format Version 12.00
# Visual Studio 14
VisualStudioVersion = 14.0.24720.0
MinimumVisualStudioVersion = 10.0.40219.1
Project("{FAE04EC0-301F-11D3-BF4B-00C04F79EFBC}") = "UCRMS-V-1.0", "UCRMS-V-1.0\UCRMS-V-1.0.csproj", "{F6FC4D82-1FF9-48FC-B8BD-83E729A368A6}"
EndProject
Global
	GlobalSection(SolutionConfigurationPlatforms) = preSolution
		Debug|Any CPU = Debug|Any CPU
		Release|Any CPU = Release|Any CPU
	EndGlobalSection
	GlobalSection(ProjectConfigurationPlatforms) = postSolution
		{F6FC4D82-1FF9-48FC-B8BD-83E729A368A6}.Debug|Any CPU.ActiveCfg = Debug|Any CPU
		{F6FC4D82-1FF9-48FC-B8BD-83E729A368A6}.Debug|Any CPU.Build.0 = Debug|Any CPU
		{F6FC4D82-1FF9-48FC-B8BD-83E729A368A6}.Release|Any CPU.ActiveCfg = Release|Any CPU
		{F6FC4D82-1FF9-48FC-B8BD-83E729A368A6}.Release|Any CPU.Build.0 = Release|Any CPU
	EndGlobalSection
	GlobalSection(SolutionProperties) = preSolution
		HideSolutionNode = FALSE
	EndGlobalSection
EndGlobal
